<?xml version="1.0" encoding="utf-8"?>
<Project ToolsVersion="4.0" xmlns="http://schemas.microsoft.com/developer/msbuild/2003">
  <ItemGroup>
    <Filter Include="Source Files">
      <UniqueIdentifier>{4FC737F1-C7A5-4376-A066-2A32D752A2FF}</UniqueIdentifier>
      <Extensions>cpp;c;cc;cxx;c++;cppm;ixx;def;odl;idl;hpj;bat;asm;asmx</Extensions>
    </Filter>
    <Filter Include="Header Files">
      <UniqueIdentifier>{93995380-89BD-4b04-88EB-625FBE52EBFB}</UniqueIdentifier>
      <Extensions>h;hh;hpp;hxx;h++;hm;inl;inc;ipp;xsd</Extensions>
    </Filter>
    <Filter Include="Resource Files">
      <UniqueIdentifier>{67DA6AB6-F800-4c08-8B7A-83BB121AAD01}</UniqueIdentifier>
      <Extensions>rc;ico;cur;bmp;dlg;rc2;rct;bin;rgs;gif;jpg;jpeg;jpe;resx;tiff;tif;png;wav;mfcribbon-ms</Extensions>
    </Filter>
  </ItemGroup>
  <ItemGroup>
    <ClCompile Include="Blueberries.cpp">
      <Filter>Source Files</Filter>
    </ClCompile>
    <ClCompile Include="Game.cpp">
      <Filter>Source Files</Filter>
    </ClCompile>
    <ClCompile Include="main.cpp">
      <Filter>Source Files</Filter>
    </ClCompile>
    <ClCompile Include="StateGameOver.cpp">
      <Filter>Source Files</Filter>
    </ClCompile>
    <ClCompile Include="StateInGame.cpp">
      <Filter>Source Files</Filter>
    </ClCompile>
    <ClCompile Include="Strawberries.cpp">
      <Filter>Source Files</Filter>
    </ClCompile>
    <ClCompile Include="Bowl.cpp">
      <Filter>Source Files</Filter>
    </ClCompile>
    <ClCompile Include="Yogurt.cpp">
      <Filter>Source Files</Filter>
    </ClCompile>
    <ClCompile Include="InProgressOrder.cpp">
      <Filter>Source Files</Filter>
    </ClCompile>
    <ClCompile Include="Order.cpp">
      <Filter>Source Files</Filter>
    </ClCompile>
    <ClCompile Include="GameState.cpp">
      <Filter>Source Files</Filter>
    </ClCompile>
    <ClCompile Include="StateTitleScreen.cpp">
      <Filter>Source Files</Filter>
    </ClCompile>
  </ItemGroup>
  <ItemGroup>
    <ClInclude Include="Blueberries.h">
      <Filter>Header Files</Filter>
    </ClInclude>
    <ClInclude Include="BlueberriesFactory.h">
      <Filter>Header Files</Filter>
    </ClInclude>
    <ClInclude Include="ItemInRecipe.h">
      <Filter>Header Files</Filter>
    </ClInclude>
    <ClInclude Include="ItemInRecipeFactory.h">
      <Filter>Header Files</Filter>
    </ClInclude>
    <ClInclude Include="ItemInRecipeFlyweight.h">
      <Filter>Header Files</Filter>
    </ClInclude>
    <ClInclude Include="ItemInRecipeFlyweightFactory.h">
      <Filter>Header Files</Filter>
    </ClInclude>
    <ClInclude Include="Game.h">
      <Filter>Header Files</Filter>
    </ClInclude>
    <ClInclude Include="GameState.h">
      <Filter>Header Files</Filter>
    </ClInclude>
    <ClInclude Include="GameStateObserver.h">
      <Filter>Header Files</Filter>
    </ClInclude>
    <ClInclude Include="StateGameOver.h">
      <Filter>Header Files</Filter>
    </ClInclude>
    <ClInclude Include="StateInGame.h">
      <Filter>Header Files</Filter>
    </ClInclude>
    <ClInclude Include="Strawberries.h">
      <Filter>Header Files</Filter>
    </ClInclude>
    <ClInclude Include="StrawberriesFactory.h">
      <Filter>Header Files</Filter>
    </ClInclude>
    <ClInclude Include="Command.h">
      <Filter>Header Files</Filter>
    </ClInclude>
    <ClInclude Include="Invoker.h">
      <Filter>Header Files</Filter>
    </ClInclude>
    <ClInclude Include="MoveCommand.h">
      <Filter>Header Files</Filter>
    </ClInclude>
    <ClInclude Include="Receiver.h">
      <Filter>Header Files</Filter>
    </ClInclude>
    <ClInclude Include="Bowl.h">
      <Filter>Header Files</Filter>
    </ClInclude>
    <ClInclude Include="BowlFactory.h">
      <Filter>Header Files</Filter>
    </ClInclude>
    <ClInclude Include="Yogurt.h">
      <Filter>Header Files</Filter>
    </ClInclude>
    <ClInclude Include="YogurtFactory.h">
      <Filter>Header Files</Filter>
    </ClInclude>
    <ClInclude Include="InProgressOrder.h">
      <Filter>Header Files</Filter>
    </ClInclude>
    <ClInclude Include="Order.h">
      <Filter>Header Files</Filter>
    </ClInclude>
    <ClInclude Include="StateTitleScreen.h">
      <Filter>Header Files</Filter>
    </ClInclude>
  </ItemGroup>
  <ItemGroup>
    <Image Include="SpriteSheet.PNG">
      <Filter>Resource Files</Filter>
    </Image>
  </ItemGroup>
</Project>